// !$*UTF8*$!
{
	archiveVersion = 1;
	classes = {
	};
	objectVersion = 46;
	objects = {

/* Begin PBXBuildFile section */
		A93C002F1993DCF300D3C57E /* SDL2.framework in Frameworks */ = {isa = PBXBuildFile; fileRef = A93C002E1993DCF300D3C57E /* SDL2.framework */; };
		A93C00311993DDF300D3C57E /* main.cpp in Sources */ = {isa = PBXBuildFile; fileRef = A92A1DDF1992417C00AAB829 /* main.cpp */; };
		A93C00341993E19600D3C57E /* Engine.cpp in Sources */ = {isa = PBXBuildFile; fileRef = A93C00321993E19600D3C57E /* Engine.cpp */; };
		A93C9412199530BB000D17E7 /* OpenGL.framework in Frameworks */ = {isa = PBXBuildFile; fileRef = A93C9411199530BA000D17E7 /* OpenGL.framework */; };
		A93C942119953378000D17E7 /* Shader.cpp in Sources */ = {isa = PBXBuildFile; fileRef = A93C942019953378000D17E7 /* Shader.cpp */; };
		A93C9423199534C4000D17E7 /* Cube.cpp in Sources */ = {isa = PBXBuildFile; fileRef = A93C9422199534C4000D17E7 /* Cube.cpp */; };
		A93C942519953797000D17E7 /* Texture.cpp in Sources */ = {isa = PBXBuildFile; fileRef = A93C942419953797000D17E7 /* Texture.cpp */; };
		A93C942819953FEC000D17E7 /* SDL2_image.framework in Frameworks */ = {isa = PBXBuildFile; fileRef = A93C942719953FEC000D17E7 /* SDL2_image.framework */; };
		A9AF69EF19951DA200D4A5A2 /* Geometry.cpp in Sources */ = {isa = PBXBuildFile; fileRef = A9AF69EE19951DA200D4A5A2 /* Geometry.cpp */; };
		A9AF69F519951EA900D4A5A2 /* ATransformation.cpp in Sources */ = {isa = PBXBuildFile; fileRef = A9AF69F419951EA900D4A5A2 /* ATransformation.cpp */; };
/* End PBXBuildFile section */

/* Begin PBXFileReference section */
		A92A1DD71992417C00AAB829 /* Makefile */ = {isa = PBXFileReference; fileEncoding = 4; lastKnownFileType = sourcecode.make; path = Makefile; sourceTree = "<group>"; };
		A92A1DDF1992417C00AAB829 /* main.cpp */ = {isa = PBXFileReference; fileEncoding = 4; lastKnownFileType = sourcecode.cpp.cpp; path = main.cpp; sourceTree = "<group>"; };
		A93C00241993DAE000D3C57E /* randomgl-doc */ = {isa = PBXFileReference; explicitFileType = "compiled.mach-o.executable"; includeInIndex = 0; path = "randomgl-doc"; sourceTree = BUILT_PRODUCTS_DIR; };
		A93C002E1993DCF300D3C57E /* SDL2.framework */ = {isa = PBXFileReference; lastKnownFileType = wrapper.framework; name = SDL2.framework; path = /Library/Frameworks/SDL2.framework; sourceTree = "<absolute>"; };
		A93C00321993E19600D3C57E /* Engine.cpp */ = {isa = PBXFileReference; fileEncoding = 4; lastKnownFileType = sourcecode.cpp.cpp; path = Engine.cpp; sourceTree = "<group>"; };
		A93C9411199530BA000D17E7 /* OpenGL.framework */ = {isa = PBXFileReference; lastKnownFileType = wrapper.framework; name = OpenGL.framework; path = ../../../../../System/Library/Frameworks/OpenGL.framework; sourceTree = "<group>"; };
		A93C94141995336E000D17E7 /* Shader.hpp */ = {isa = PBXFileReference; fileEncoding = 4; lastKnownFileType = sourcecode.cpp.h; name = Shader.hpp; path = include/Shader.hpp; sourceTree = SOURCE_ROOT; };
		A93C942019953378000D17E7 /* Shader.cpp */ = {isa = PBXFileReference; fileEncoding = 4; lastKnownFileType = sourcecode.cpp.cpp; path = Shader.cpp; sourceTree = "<group>"; };
		A93C9422199534C4000D17E7 /* Cube.cpp */ = {isa = PBXFileReference; fileEncoding = 4; lastKnownFileType = sourcecode.cpp.cpp; path = Cube.cpp; sourceTree = "<group>"; };
		A93C942419953797000D17E7 /* Texture.cpp */ = {isa = PBXFileReference; fileEncoding = 4; lastKnownFileType = sourcecode.cpp.cpp; path = Texture.cpp; sourceTree = "<group>"; };
		A93C9426199537B5000D17E7 /* Texture.hpp */ = {isa = PBXFileReference; fileEncoding = 4; lastKnownFileType = sourcecode.cpp.h; name = Texture.hpp; path = include/Texture.hpp; sourceTree = SOURCE_ROOT; };
		A93C942719953FEC000D17E7 /* SDL2_image.framework */ = {isa = PBXFileReference; lastKnownFileType = wrapper.framework; name = SDL2_image.framework; path = /Library/Frameworks/SDL2_image.framework; sourceTree = "<absolute>"; };
		A9501C23199694C30092C89F /* OpenGL.hpp */ = {isa = PBXFileReference; fileEncoding = 4; lastKnownFileType = sourcecode.cpp.h; name = OpenGL.hpp; path = include/OpenGL.hpp; sourceTree = SOURCE_ROOT; };
		A9AF69EE19951DA200D4A5A2 /* Geometry.cpp */ = {isa = PBXFileReference; fileEncoding = 4; lastKnownFileType = sourcecode.cpp.cpp; path = Geometry.cpp; sourceTree = "<group>"; };
		A9AF69F419951EA900D4A5A2 /* ATransformation.cpp */ = {isa = PBXFileReference; fileEncoding = 4; lastKnownFileType = sourcecode.cpp.cpp; path = ATransformation.cpp; sourceTree = "<group>"; };
		A9AF69F71995200300D4A5A2 /* ATransformation.hpp */ = {isa = PBXFileReference; fileEncoding = 4; lastKnownFileType = sourcecode.cpp.h; name = ATransformation.hpp; path = include/ATransformation.hpp; sourceTree = SOURCE_ROOT; };
		A9AF69F81995200300D4A5A2 /* Cube.hpp */ = {isa = PBXFileReference; fileEncoding = 4; lastKnownFileType = sourcecode.cpp.h; name = Cube.hpp; path = include/Cube.hpp; sourceTree = SOURCE_ROOT; };
		A9AF69F91995200300D4A5A2 /* Geometry.hpp */ = {isa = PBXFileReference; fileEncoding = 4; lastKnownFileType = sourcecode.cpp.h; name = Geometry.hpp; path = include/Geometry.hpp; sourceTree = SOURCE_ROOT; };
		A9BB872C1993E570009D47CD /* Engine.hpp */ = {isa = PBXFileReference; fileEncoding = 4; lastKnownFileType = sourcecode.cpp.h; name = Engine.hpp; path = include/Engine.hpp; sourceTree = SOURCE_ROOT; };
/* End PBXFileReference section */

/* Begin PBXFrameworksBuildPhase section */
		A93C00211993DAE000D3C57E /* Frameworks */ = {
			isa = PBXFrameworksBuildPhase;
			buildActionMask = 2147483647;
			files = (
				A93C942819953FEC000D17E7 /* SDL2_image.framework in Frameworks */,
				A93C002F1993DCF300D3C57E /* SDL2.framework in Frameworks */,
				A93C9412199530BB000D17E7 /* OpenGL.framework in Frameworks */,
			);
			runOnlyForDeploymentPostprocessing = 0;
		};
/* End PBXFrameworksBuildPhase section */

/* Begin PBXGroup section */
		A92A1DD51992417C00AAB829 /* randomgl */ = {
			isa = PBXGroup;
			children = (
				A92A1DD71992417C00AAB829 /* Makefile */,
				A92A1DD61992417C00AAB829 /* include */,
				A92A1DDE1992417C00AAB829 /* src */,
			);
			name = randomgl;
			sourceTree = "<group>";
		};
		A92A1DD61992417C00AAB829 /* include */ = {
			isa = PBXGroup;
			children = (
				A9AF69F71995200300D4A5A2 /* ATransformation.hpp */,
				A9AF69F81995200300D4A5A2 /* Cube.hpp */,
				A9BB872C1993E570009D47CD /* Engine.hpp */,
				A9AF69F91995200300D4A5A2 /* Geometry.hpp */,
				A9501C23199694C30092C89F /* OpenGL.hpp */,
				A93C94141995336E000D17E7 /* Shader.hpp */,
				A93C9426199537B5000D17E7 /* Texture.hpp */,
			);
			name = include;
			path = inc;
			sourceTree = "<group>";
		};
		A92A1DDE1992417C00AAB829 /* src */ = {
			isa = PBXGroup;
			children = (
				A9AF69F419951EA900D4A5A2 /* ATransformation.cpp */,
				A93C9422199534C4000D17E7 /* Cube.cpp */,
				A93C00321993E19600D3C57E /* Engine.cpp */,
				A9AF69EE19951DA200D4A5A2 /* Geometry.cpp */,
				A92A1DDF1992417C00AAB829 /* main.cpp */,
				A93C942019953378000D17E7 /* Shader.cpp */,
				A93C942419953797000D17E7 /* Texture.cpp */,
			);
			path = src;
			sourceTree = "<group>";
		};
		A93C00251993DAE000D3C57E /* Products */ = {
			isa = PBXGroup;
			children = (
				A93C00241993DAE000D3C57E /* randomgl-doc */,
			);
			name = Products;
			sourceTree = "<group>";
		};
		A93C00261993DAE000D3C57E /* randomgl-doc */ = {
			isa = PBXGroup;
			children = (
				A93C00301993DCFE00D3C57E /* Frameworks */,
			);
			path = "randomgl-doc";
			sourceTree = "<group>";
		};
		A93C00301993DCFE00D3C57E /* Frameworks */ = {
			isa = PBXGroup;
			children = (
				A93C9411199530BA000D17E7 /* OpenGL.framework */,
				A93C002E1993DCF300D3C57E /* SDL2.framework */,
				A93C942719953FEC000D17E7 /* SDL2_image.framework */,
			);
			name = Frameworks;
			sourceTree = "<group>";
		};
		A951D58A199125C8001BC5D1 = {
			isa = PBXGroup;
			children = (
				A92A1DD51992417C00AAB829 /* randomgl */,
				A93C00261993DAE000D3C57E /* randomgl-doc */,
				A93C00251993DAE000D3C57E /* Products */,
			);
			sourceTree = "<group>";
		};
/* End PBXGroup section */

/* Begin PBXLegacyTarget section */
		A951D58F199125C8001BC5D1 /* randomgl */ = {
			isa = PBXLegacyTarget;
			buildArgumentsString = "$(ACTION)";
			buildConfigurationList = A951D592199125C8001BC5D1 /* Build configuration list for PBXLegacyTarget "randomgl" */;
			buildPhases = (
			);
			buildToolPath = /usr/bin/make;
			dependencies = (
			);
			name = randomgl;
			passBuildSettingsInEnvironment = 1;
			productName = randomgl;
		};
/* End PBXLegacyTarget section */

/* Begin PBXNativeTarget section */
		A93C00231993DAE000D3C57E /* randomgl-doc */ = {
			isa = PBXNativeTarget;
			buildConfigurationList = A93C002D1993DAE000D3C57E /* Build configuration list for PBXNativeTarget "randomgl-doc" */;
			buildPhases = (
				A93C00201993DAE000D3C57E /* Sources */,
				A93C00211993DAE000D3C57E /* Frameworks */,
			);
			buildRules = (
			);
			dependencies = (
			);
			name = "randomgl-doc";
			productName = "randomgl-doc";
			productReference = A93C00241993DAE000D3C57E /* randomgl-doc */;
			productType = "com.apple.product-type.tool";
		};
/* End PBXNativeTarget section */

/* Begin PBXProject section */
		A951D58B199125C8001BC5D1 /* Project object */ = {
			isa = PBXProject;
			attributes = {
				LastUpgradeCheck = 0510;
				ORGANIZATIONNAME = "Jean Gravier";
			};
			buildConfigurationList = A951D58E199125C8001BC5D1 /* Build configuration list for PBXProject "randomgl" */;
			compatibilityVersion = "Xcode 3.2";
			developmentRegion = English;
			hasScannedForEncodings = 0;
			knownRegions = (
				en,
			);
			mainGroup = A951D58A199125C8001BC5D1;
			productRefGroup = A93C00251993DAE000D3C57E /* Products */;
			projectDirPath = "";
			projectRoot = "";
			targets = (
				A951D58F199125C8001BC5D1 /* randomgl */,
				A93C00231993DAE000D3C57E /* randomgl-doc */,
			);
		};
/* End PBXProject section */

/* Begin PBXSourcesBuildPhase section */
		A93C00201993DAE000D3C57E /* Sources */ = {
			isa = PBXSourcesBuildPhase;
			buildActionMask = 2147483647;
			files = (
				A9AF69F519951EA900D4A5A2 /* ATransformation.cpp in Sources */,
				A93C942519953797000D17E7 /* Texture.cpp in Sources */,
				A93C00311993DDF300D3C57E /* main.cpp in Sources */,
				A9AF69EF19951DA200D4A5A2 /* Geometry.cpp in Sources */,
				A93C00341993E19600D3C57E /* Engine.cpp in Sources */,
				A93C9423199534C4000D17E7 /* Cube.cpp in Sources */,
				A93C942119953378000D17E7 /* Shader.cpp in Sources */,
			);
			runOnlyForDeploymentPostprocessing = 0;
		};
/* End PBXSourcesBuildPhase section */

/* Begin XCBuildConfiguration section */
		A93C002B1993DAE000D3C57E /* Debug */ = {
			isa = XCBuildConfiguration;
			buildSettings = {
				FRAMEWORK_SEARCH_PATHS = (
					"$(inherited)",
					"$(LOCAL_LIBRARY_DIR)/Frameworks",
				);
				GCC_PREPROCESSOR_DEFINITIONS = (
					"DEBUG=1",
					"$(inherited)",
				);
				MACOSX_DEPLOYMENT_TARGET = 10.10;
				PRODUCT_NAME = "$(TARGET_NAME)";
			};
			name = Debug;
		};
		A93C002C1993DAE000D3C57E /* Release */ = {
			isa = XCBuildConfiguration;
			buildSettings = {
				FRAMEWORK_SEARCH_PATHS = (
					"$(inherited)",
					"$(LOCAL_LIBRARY_DIR)/Frameworks",
				);
				MACOSX_DEPLOYMENT_TARGET = 10.10;
				PRODUCT_NAME = "$(TARGET_NAME)";
			};
			name = Release;
		};
		A951D590199125C8001BC5D1 /* Debug */ = {
			isa = XCBuildConfiguration;
			buildSettings = {
				ALWAYS_SEARCH_USER_PATHS = NO;
				CLANG_CXX_LANGUAGE_STANDARD = "gnu++0x";
				CLANG_CXX_LIBRARY = "libc++";
				CLANG_ENABLE_MODULES = YES;
				CLANG_ENABLE_OBJC_ARC = YES;
				CLANG_WARN_BOOL_CONVERSION = YES;
				CLANG_WARN_CONSTANT_CONVERSION = YES;
				CLANG_WARN_DIRECT_OBJC_ISA_USAGE = YES_ERROR;
				CLANG_WARN_EMPTY_BODY = YES;
				CLANG_WARN_ENUM_CONVERSION = YES;
				CLANG_WARN_INT_CONVERSION = YES;
				CLANG_WARN_OBJC_ROOT_CLASS = YES_ERROR;
				CLANG_WARN__DUPLICATE_METHOD_MATCH = YES;
				COPY_PHASE_STRIP = NO;
				GCC_C_LANGUAGE_STANDARD = gnu99;
				GCC_DYNAMIC_NO_PIC = NO;
				GCC_ENABLE_OBJC_EXCEPTIONS = YES;
				GCC_OPTIMIZATION_LEVEL = 0;
				GCC_PREPROCESSOR_DEFINITIONS = (
					"DEBUG=1",
					"$(inherited)",
				);
				GCC_SYMBOLS_PRIVATE_EXTERN = NO;
				GCC_WARN_64_TO_32_BIT_CONVERSION = YES;
				GCC_WARN_ABOUT_RETURN_TYPE = YES_ERROR;
				GCC_WARN_UNDECLARED_SELECTOR = YES;
				GCC_WARN_UNINITIALIZED_AUTOS = YES_AGGRESSIVE;
				GCC_WARN_UNUSED_FUNCTION = YES;
				GCC_WARN_UNUSED_VARIABLE = YES;
				MACOSX_DEPLOYMENT_TARGET = 10.9;
				ONLY_ACTIVE_ARCH = YES;
				SDKROOT = macosx;
			};
			name = Debug;
		};
		A951D591199125C8001BC5D1 /* Release */ = {
			isa = XCBuildConfiguration;
			buildSettings = {
				ALWAYS_SEARCH_USER_PATHS = NO;
				CLANG_CXX_LANGUAGE_STANDARD = "gnu++0x";
				CLANG_CXX_LIBRARY = "libc++";
				CLANG_ENABLE_MODULES = YES;
				CLANG_ENABLE_OBJC_ARC = YES;
				CLANG_WARN_BOOL_CONVERSION = YES;
				CLANG_WARN_CONSTANT_CONVERSION = YES;
				CLANG_WARN_DIRECT_OBJC_ISA_USAGE = YES_ERROR;
				CLANG_WARN_EMPTY_BODY = YES;
				CLANG_WARN_ENUM_CONVERSION = YES;
				CLANG_WARN_INT_CONVERSION = YES;
				CLANG_WARN_OBJC_ROOT_CLASS = YES_ERROR;
				CLANG_WARN__DUPLICATE_METHOD_MATCH = YES;
				COPY_PHASE_STRIP = YES;
				DEBUG_INFORMATION_FORMAT = "dwarf-with-dsym";
				ENABLE_NS_ASSERTIONS = NO;
				GCC_C_LANGUAGE_STANDARD = gnu99;
				GCC_ENABLE_OBJC_EXCEPTIONS = YES;
				GCC_WARN_64_TO_32_BIT_CONVERSION = YES;
				GCC_WARN_ABOUT_RETURN_TYPE = YES_ERROR;
				GCC_WARN_UNDECLARED_SELECTOR = YES;
				GCC_WARN_UNINITIALIZED_AUTOS = YES_AGGRESSIVE;
				GCC_WARN_UNUSED_FUNCTION = YES;
				GCC_WARN_UNUSED_VARIABLE = YES;
				MACOSX_DEPLOYMENT_TARGET = 10.9;
				SDKROOT = macosx;
			};
			name = Release;
		};
		A951D593199125C8001BC5D1 /* Debug */ = {
			isa = XCBuildConfiguration;
			buildSettings = {
				DEBUGGING_SYMBOLS = YES;
				GCC_GENERATE_DEBUGGING_SYMBOLS = YES;
				GCC_OPTIMIZATION_LEVEL = 0;
				OTHER_CFLAGS = "";
				OTHER_LDFLAGS = "";
				PRODUCT_NAME = "$(TARGET_NAME)";
			};
			name = Debug;
		};
		A951D594199125C8001BC5D1 /* Release */ = {
			isa = XCBuildConfiguration;
			buildSettings = {
				OTHER_CFLAGS = "";
				OTHER_LDFLAGS = "";
				PRODUCT_NAME = "$(TARGET_NAME)";
			};
			name = Release;
		};
/* End XCBuildConfiguration section */

/* Begin XCConfigurationList section */
		A93C002D1993DAE000D3C57E /* Build configuration list for PBXNativeTarget "randomgl-doc" */ = {
			isa = XCConfigurationList;
			buildConfigurations = (
				A93C002B1993DAE000D3C57E /* Debug */,
				A93C002C1993DAE000D3C57E /* Release */,
			);
			defaultConfigurationIsVisible = 0;
			defaultConfigurationName = Release;
		};
		A951D58E199125C8001BC5D1 /* Build configuration list for PBXProject "randomgl" */ = {
			isa = XCConfigurationList;
			buildConfigurations = (
				A951D590199125C8001BC5D1 /* Debug */,
				A951D591199125C8001BC5D1 /* Release */,
			);
			defaultConfigurationIsVisible = 0;
			defaultConfigurationName = Release;
		};
		A951D592199125C8001BC5D1 /* Build configuration list for PBXLegacyTarget "randomgl" */ = {
			isa = XCConfigurationList;
			buildConfigurations = (
				A951D593199125C8001BC5D1 /* Debug */,
				A951D594199125C8001BC5D1 /* Release */,
			);
			defaultConfigurationIsVisible = 0;
			defaultConfigurationName = Release;
		};
/* End XCConfigurationList section */
	};
	rootObject = A951D58B199125C8001BC5D1 /* Project object */;
}
